
Microsoft Visual Studio Solution File, Format Version 12.00
# Visual Studio Version 16
VisualStudioVersion = 16.0.29609.76
MinimumVisualStudioVersion = 10.0.40219.1
Project("{FAE04EC0-301F-11D3-BF4B-00C04F79EFBC}") = "gradeCalculator", "gradeCalculator\gradeCalculator.csproj", "{6C090B7D-7542-4659-BD86-57026D0ECF8E}"
EndProject
Global
	GlobalSection(SolutionConfigurationPlatforms) = preSolution
		Debug|Any CPU = Debug|Any CPU
		Release|Any CPU = Release|Any CPU
	EndGlobalSection
	GlobalSection(ProjectConfigurationPlatforms) = postSolution
		{6C090B7D-7542-4659-BD86-57026D0ECF8E}.Debug|Any CPU.ActiveCfg = Debug|Any CPU
		{6C090B7D-7542-4659-BD86-57026D0ECF8E}.Debug|Any CPU.Build.0 = Debug|Any CPU
		{6C090B7D-7542-4659-BD86-57026D0ECF8E}.Release|Any CPU.ActiveCfg = Release|Any CPU
		{6C090B7D-7542-4659-BD86-57026D0ECF8E}.Release|Any CPU.Build.0 = Release|Any CPU
	EndGlobalSection
	GlobalSection(SolutionProperties) = preSolution
		HideSolutionNode = FALSE
	EndGlobalSection
	GlobalSection(ExtensibilityGlobals) = postSolution
		SolutionGuid = {023705DD-F7CD-4C47-B60F-8FA2F4A7440E}
	EndGlobalSection
EndGlobal
